
Microsoft Visual Studio Solution File, Format Version 12.00
# Visual Studio Version 17
VisualStudioVersion = 17.2.32526.322
MinimumVisualStudioVersion = 10.0.40219.1
Project("{FAE04EC0-301F-11D3-BF4B-00C04F79EFBC}") = "SimpleWebApp", "SimpleWebApp\SimpleWebApp.csproj", "{EAB142DD-05E4-4C53-B067-69B08A3181F2}"
EndProject
Global
	GlobalSection(SolutionConfigurationPlatforms) = preSolution
		Debug|Any CPU = Debug|Any CPU
		Release|Any CPU = Release|Any CPU
	EndGlobalSection
	GlobalSection(ProjectConfigurationPlatforms) = postSolution
		{EAB142DD-05E4-4C53-B067-69B08A3181F2}.Debug|Any CPU.ActiveCfg = Debug|Any CPU
		{EAB142DD-05E4-4C53-B067-69B08A3181F2}.Debug|Any CPU.Build.0 = Debug|Any CPU
		{EAB142DD-05E4-4C53-B067-69B08A3181F2}.Release|Any CPU.ActiveCfg = Release|Any CPU
		{EAB142DD-05E4-4C53-B067-69B08A3181F2}.Release|Any CPU.Build.0 = Release|Any CPU
	EndGlobalSection
	GlobalSection(SolutionProperties) = preSolution
		HideSolutionNode = FALSE
	EndGlobalSection
	GlobalSection(ExtensibilityGlobals) = postSolution
		SolutionGuid = {9AEAB8D6-5F33-4FE4-8F12-440818748669}
	EndGlobalSection
EndGlobal
